
Microsoft Visual Studio Solution File, Format Version 12.00
# Visual Studio Version 17
VisualStudioVersion = 17.14.36811.4 d17.14
MinimumVisualStudioVersion = 10.0.40219.1
Project("{FAE04EC0-301F-11D3-BF4B-00C04F79EFBC}") = "AirTicketBooking", "AirTicketBooking\AirTicketBooking.csproj", "{EB3F1D70-D341-42B1-B855-83363516CAE8}"
EndProject
Global
	GlobalSection(SolutionConfigurationPlatforms) = preSolution
		Debug|Any CPU = Debug|Any CPU
		Release|Any CPU = Release|Any CPU
	EndGlobalSection
	GlobalSection(ProjectConfigurationPlatforms) = postSolution
		{EB3F1D70-D341-42B1-B855-83363516CAE8}.Debug|Any CPU.ActiveCfg = Debug|Any CPU
		{EB3F1D70-D341-42B1-B855-83363516CAE8}.Debug|Any CPU.Build.0 = Debug|Any CPU
		{EB3F1D70-D341-42B1-B855-83363516CAE8}.Release|Any CPU.ActiveCfg = Release|Any CPU
		{EB3F1D70-D341-42B1-B855-83363516CAE8}.Release|Any CPU.Build.0 = Release|Any CPU
	EndGlobalSection
	GlobalSection(SolutionProperties) = preSolution
		HideSolutionNode = FALSE
	EndGlobalSection
	GlobalSection(ExtensibilityGlobals) = postSolution
		SolutionGuid = {F5D1E921-8B5B-4EC0-BA08-5ADCA4DF8F31}
	EndGlobalSection
EndGlobal
